{
  "name": "@typedly/object",
  "version": "0.0.1",
  "lockfileVersion": 3,
  "requires": true,
  "packages": {
    "": {
      "name": "@typedly/object",
      "version": "0.0.1",
      "funding": [
        {
          "type": "stripe",
          "url": "https://donate.stripe.com/dR614hfDZcJE3wAcMM"
        },
        {
          "type": "revolut",
          "url": "https://checkout.revolut.com/pay/048b10a3-0e10-42c8-a917-e3e9cb4c8e29"
        }
      ],
      "license": "MIT",
      "peerDependencies": {
        "@typedly/property": "^0.1.1"
      }
    },
    "node_modules/@typedly/property": {
      "version": "0.1.1",
      "resolved": "https://registry.npmjs.org/@typedly/property/-/property-0.1.1.tgz",
      "integrity": "sha512-XqLUDauh76e/j0rcYm/CGHOTvx+VMFVYPyIxtapD9t8ijBRb4FD2/iqiqNHRHsngSwhC49dGsSe8DnCx5Web7Q==",
      "funding": [
        {
          "type": "stripe",
          "url": "https://donate.stripe.com/dR614hfDZcJE3wAcMM"
        },
        {
          "type": "revolut",
          "url": "https://checkout.revolut.com/pay/048b10a3-0e10-42c8-a917-e3e9cb4c8e29"
        }
      ],
      "license": "MIT",
      "peer": true
    }
  }
}
